Microsoft Visual Studio Solution File, Format Version 12.00
# Visual Studio Version 16
VisualStudioVersion = 16.0.0.0
MinimumVisualStudioVersion = 16.0.0.0
Project("{9A19103F-16F7-4668-BE54-9A1E7A4F7556}") = "QuickChat.Server", "Server\QuickChat.Server.csproj", "{ED06EBAA-69F9-4DED-AF5E-D4D136EBFAC9}"
EndProject
Project("{9A19103F-16F7-4668-BE54-9A1E7A4F7556}") = "QuickChat.Client", "Client\QuickChat.Client.csproj", "{A9E5D528-E51D-4E1F-B197-DD04C8CC1039}"
EndProject
Project("{9A19103F-16F7-4668-BE54-9A1E7A4F7556}") = "QuickChat.Shared", "Shared\QuickChat.Shared.csproj", "{84BE89FF-DB61-4D39-8D51-6270C2DF678C}"
EndProject
Global
	GlobalSection(SolutionConfigurationPlatforms) = preSolution
		Debug|Any CPU = Debug|Any CPU
		Debug|x64 = Debug|x64
		Debug|x86 = Debug|x86
		Release|Any CPU = Release|Any CPU
		Release|x64 = Release|x64
		Release|x86 = Release|x86
	EndGlobalSection
	GlobalSection(ProjectConfigurationPlatforms) = postSolution
		{A9E5D528-E51D-4E1F-B197-DD04C8CC1039}.Debug|Any CPU.ActiveCfg = Debug|Any CPU
		{A9E5D528-E51D-4E1F-B197-DD04C8CC1039}.Debug|Any CPU.Build.0 = Debug|Any CPU
		{A9E5D528-E51D-4E1F-B197-DD04C8CC1039}.Debug|x64.ActiveCfg = Debug|Any CPU
		{A9E5D528-E51D-4E1F-B197-DD04C8CC1039}.Debug|x64.Build.0 = Debug|Any CPU
		{A9E5D528-E51D-4E1F-B197-DD04C8CC1039}.Debug|x86.ActiveCfg = Debug|Any CPU
		{A9E5D528-E51D-4E1F-B197-DD04C8CC1039}.Debug|x86.Build.0 = Debug|Any CPU
		{A9E5D528-E51D-4E1F-B197-DD04C8CC1039}.Release|Any CPU.ActiveCfg = Release|Any CPU
		{A9E5D528-E51D-4E1F-B197-DD04C8CC1039}.Release|Any CPU.Build.0 = Release|Any CPU
		{A9E5D528-E51D-4E1F-B197-DD04C8CC1039}.Release|x64.ActiveCfg = Release|Any CPU
		{A9E5D528-E51D-4E1F-B197-DD04C8CC1039}.Release|x64.Build.0 = Release|Any CPU
		{A9E5D528-E51D-4E1F-B197-DD04C8CC1039}.Release|x86.ActiveCfg = Release|Any CPU
		{A9E5D528-E51D-4E1F-B197-DD04C8CC1039}.Release|x86.Build.0 = Release|Any CPU
		{ED06EBAA-69F9-4DED-AF5E-D4D136EBFAC9}.Debug|Any CPU.ActiveCfg = Debug|Any CPU
		{ED06EBAA-69F9-4DED-AF5E-D4D136EBFAC9}.Debug|Any CPU.Build.0 = Debug|Any CPU
		{ED06EBAA-69F9-4DED-AF5E-D4D136EBFAC9}.Debug|x64.ActiveCfg = Debug|Any CPU
		{ED06EBAA-69F9-4DED-AF5E-D4D136EBFAC9}.Debug|x64.Build.0 = Debug|Any CPU
		{ED06EBAA-69F9-4DED-AF5E-D4D136EBFAC9}.Debug|x86.ActiveCfg = Debug|Any CPU
		{ED06EBAA-69F9-4DED-AF5E-D4D136EBFAC9}.Debug|x86.Build.0 = Debug|Any CPU
		{ED06EBAA-69F9-4DED-AF5E-D4D136EBFAC9}.Release|Any CPU.ActiveCfg = Release|Any CPU
		{ED06EBAA-69F9-4DED-AF5E-D4D136EBFAC9}.Release|Any CPU.Build.0 = Release|Any CPU
		{ED06EBAA-69F9-4DED-AF5E-D4D136EBFAC9}.Release|x64.ActiveCfg = Release|Any CPU
		{ED06EBAA-69F9-4DED-AF5E-D4D136EBFAC9}.Release|x64.Build.0 = Release|Any CPU
		{ED06EBAA-69F9-4DED-AF5E-D4D136EBFAC9}.Release|x86.ActiveCfg = Release|Any CPU
		{ED06EBAA-69F9-4DED-AF5E-D4D136EBFAC9}.Release|x86.Build.0 = Release|Any CPU
		{84BE89FF-DB61-4D39-8D51-6270C2DF678C}.Debug|Any CPU.ActiveCfg = Debug|Any CPU
		{84BE89FF-DB61-4D39-8D51-6270C2DF678C}.Debug|Any CPU.Build.0 = Debug|Any CPU
		{84BE89FF-DB61-4D39-8D51-6270C2DF678C}.Debug|x64.ActiveCfg = Debug|Any CPU
		{84BE89FF-DB61-4D39-8D51-6270C2DF678C}.Debug|x64.Build.0 = Debug|Any CPU
		{84BE89FF-DB61-4D39-8D51-6270C2DF678C}.Debug|x86.ActiveCfg = Debug|Any CPU
		{84BE89FF-DB61-4D39-8D51-6270C2DF678C}.Debug|x86.Build.0 = Debug|Any CPU
		{84BE89FF-DB61-4D39-8D51-6270C2DF678C}.Release|Any CPU.ActiveCfg = Release|Any CPU
		{84BE89FF-DB61-4D39-8D51-6270C2DF678C}.Release|Any CPU.Build.0 = Release|Any CPU
		{84BE89FF-DB61-4D39-8D51-6270C2DF678C}.Release|x64.ActiveCfg = Release|Any CPU
		{84BE89FF-DB61-4D39-8D51-6270C2DF678C}.Release|x64.Build.0 = Release|Any CPU
		{84BE89FF-DB61-4D39-8D51-6270C2DF678C}.Release|x86.ActiveCfg = Release|Any CPU
		{84BE89FF-DB61-4D39-8D51-6270C2DF678C}.Release|x86.Build.0 = Release|Any CPU
	EndGlobalSection
	GlobalSection(SolutionProperties) = preSolution
		HideSolutionNode = FALSE
	EndGlobalSection
	GlobalSection(ExtensibilityGlobals) = postSolution
		SolutionGuid = {566B1D62-7B4A-427B-AAB0-F73C80111BFB}
	EndGlobalSection
EndGlobal